{
  "version": 4,
  "terraform_version": "1.6.0",
  "serial": 107,
  "lineage": "e7985d49-2c19-c7ff-2d39-c7567316d7ef",
  "outputs": {},
  "resources": [
    {
      "mode": "managed",
      "type": "aws_ebs_volume",
      "name": "pg_ha_node-vol",
      "provider": "provider[\"registry.terraform.io/hashicorp/aws\"]",
      "instances": [
        {
          "index_key": 0,
          "schema_version": 0,
          "attributes": {
            "arn": "arn:aws:ec2:us-west-2:379694287116:volume/vol-04d233f7329cdca87",
            "availability_zone": "us-west-2c",
            "encrypted": false,
            "final_snapshot": false,
            "id": "vol-04d233f7329cdca87",
            "iops": 192,
            "kms_key_id": "",
            "multi_attach_enabled": false,
            "outpost_arn": "",
            "size": 64,
            "snapshot_id": "",
            "tags": {
              "Environment": "Dev",
              "Name": "PGHA_db_-1-vol",
              "Owner": "Charly El-Chinoo Batista",
              "PerconaCreatedBy": "charly.batista@percona.com",
              "Product": "Percona Distribution for PostgreSQL: High Availability with Patroni and Streaming Replication",
              "Team": "Tech Lead"
            },
            "tags_all": {
              "Environment": "Dev",
              "Name": "PGHA_db_-1-vol",
              "Owner": "Charly El-Chinoo Batista",
              "PerconaCreatedBy": "charly.batista@percona.com",
              "Product": "Percona Distribution for PostgreSQL: High Availability with Patroni and Streaming Replication",
              "Team": "Tech Lead"
            },
            "throughput": 0,
            "timeouts": null,
            "type": "gp2"
          },
          "sensitive_attributes": [],
          "private": "eyJlMmJmYjczMC1lY2FhLTExZTYtOGY4OC0zNDM2M2JjN2M0YzAiOnsiY3JlYXRlIjozMDAwMDAwMDAwMDAsImRlbGV0ZSI6MzAwMDAwMDAwMDAwLCJ1cGRhdGUiOjMwMDAwMDAwMDAwMH19"
        },
        {
          "index_key": 1,
          "schema_version": 0,
          "attributes": {
            "arn": "arn:aws:ec2:us-west-2:379694287116:volume/vol-02d8fef4e7d664ded",
            "availability_zone": "us-west-2c",
            "encrypted": false,
            "final_snapshot": false,
            "id": "vol-02d8fef4e7d664ded",
            "iops": 192,
            "kms_key_id": "",
            "multi_attach_enabled": false,
            "outpost_arn": "",
            "size": 64,
            "snapshot_id": "",
            "tags": {
              "Environment": "Dev",
              "Name": "PGHA_db_-2-vol",
              "Owner": "Charly El-Chinoo Batista",
              "PerconaCreatedBy": "charly.batista@percona.com",
              "Product": "Percona Distribution for PostgreSQL: High Availability with Patroni and Streaming Replication",
              "Team": "Tech Lead"
            },
            "tags_all": {
              "Environment": "Dev",
              "Name": "PGHA_db_-2-vol",
              "Owner": "Charly El-Chinoo Batista",
              "PerconaCreatedBy": "charly.batista@percona.com",
              "Product": "Percona Distribution for PostgreSQL: High Availability with Patroni and Streaming Replication",
              "Team": "Tech Lead"
            },
            "throughput": 0,
            "timeouts": null,
            "type": "gp2"
          },
          "sensitive_attributes": [],
          "private": "eyJlMmJmYjczMC1lY2FhLTExZTYtOGY4OC0zNDM2M2JjN2M0YzAiOnsiY3JlYXRlIjozMDAwMDAwMDAwMDAsImRlbGV0ZSI6MzAwMDAwMDAwMDAwLCJ1cGRhdGUiOjMwMDAwMDAwMDAwMH19"
        },
        {
          "index_key": 2,
          "schema_version": 0,
          "attributes": {
            "arn": "arn:aws:ec2:us-west-2:379694287116:volume/vol-060fb5e72bec25c11",
            "availability_zone": "us-west-2c",
            "encrypted": false,
            "final_snapshot": false,
            "id": "vol-060fb5e72bec25c11",
            "iops": 192,
            "kms_key_id": "",
            "multi_attach_enabled": false,
            "outpost_arn": "",
            "size": 64,
            "snapshot_id": "",
            "tags": {
              "Environment": "Dev",
              "Name": "PGHA_db_-3-vol",
              "Owner": "Charly El-Chinoo Batista",
              "PerconaCreatedBy": "charly.batista@percona.com",
              "Product": "Percona Distribution for PostgreSQL: High Availability with Patroni and Streaming Replication",
              "Team": "Tech Lead"
            },
            "tags_all": {
              "Environment": "Dev",
              "Name": "PGHA_db_-3-vol",
              "Owner": "Charly El-Chinoo Batista",
              "PerconaCreatedBy": "charly.batista@percona.com",
              "Product": "Percona Distribution for PostgreSQL: High Availability with Patroni and Streaming Replication",
              "Team": "Tech Lead"
            },
            "throughput": 0,
            "timeouts": null,
            "type": "gp2"
          },
          "sensitive_attributes": [],
          "private": "eyJlMmJmYjczMC1lY2FhLTExZTYtOGY4OC0zNDM2M2JjN2M0YzAiOnsiY3JlYXRlIjozMDAwMDAwMDAwMDAsImRlbGV0ZSI6MzAwMDAwMDAwMDAwLCJ1cGRhdGUiOjMwMDAwMDAwMDAwMH19"
        }
      ]
    },
    {
      "mode": "managed",
      "type": "aws_instance",
      "name": "pg_ha_node",
      "provider": "provider[\"registry.terraform.io/hashicorp/aws\"]",
      "instances": [
        {
          "index_key": 0,
          "schema_version": 1,
          "attributes": {
            "ami": "ami-03f65b8614a860c29",
            "arn": "arn:aws:ec2:us-west-2:379694287116:instance/i-0d14efa987a72a631",
            "associate_public_ip_address": true,
            "availability_zone": "us-west-2c",
            "capacity_reservation_specification": [
              {
                "capacity_reservation_preference": "open",
                "capacity_reservation_target": []
              }
            ],
            "cpu_core_count": 1,
            "cpu_options": [
              {
                "amd_sev_snp": "",
                "core_count": 1,
                "threads_per_core": 1
              }
            ],
            "cpu_threads_per_core": 1,
            "credit_specification": [
              {
                "cpu_credits": "standard"
              }
            ],
            "disable_api_stop": false,
            "disable_api_termination": false,
            "ebs_block_device": [],
            "ebs_optimized": false,
            "enclave_options": [
              {
                "enabled": false
              }
            ],
            "ephemeral_block_device": [],
            "get_password_data": false,
            "hibernation": false,
            "host_id": "",
            "host_resource_group_arn": null,
            "iam_instance_profile": "",
            "id": "i-0d14efa987a72a631",
            "instance_initiated_shutdown_behavior": "stop",
            "instance_lifecycle": "",
            "instance_market_options": [],
            "instance_state": "running",
            "instance_type": "t2.small",
            "ipv6_address_count": 0,
            "ipv6_addresses": [],
            "key_name": "PGHA_W2_SSH_Key_AUTO",
            "launch_template": [],
            "maintenance_options": [
              {
                "auto_recovery": "default"
              }
            ],
            "metadata_options": [
              {
                "http_endpoint": "enabled",
                "http_protocol_ipv6": "disabled",
                "http_put_response_hop_limit": 1,
                "http_tokens": "optional",
                "instance_metadata_tags": "disabled"
              }
            ],
            "monitoring": false,
            "network_interface": [],
            "outpost_arn": "",
            "password_data": "",
            "placement_group": "",
            "placement_partition_number": 0,
            "primary_network_interface_id": "eni-02864ce9419a82223",
            "private_dns": "ip-10-0-1-46.us-west-2.compute.internal",
            "private_dns_name_options": [
              {
                "enable_resource_name_dns_a_record": false,
                "enable_resource_name_dns_aaaa_record": false,
                "hostname_type": "ip-name"
              }
            ],
            "private_ip": "10.0.1.46",
            "public_dns": "ec2-34-209-217-171.us-west-2.compute.amazonaws.com",
            "public_ip": "34.209.217.171",
            "root_block_device": [
              {
                "delete_on_termination": true,
                "device_name": "/dev/sda1",
                "encrypted": false,
                "iops": 100,
                "kms_key_id": "",
                "tags": {},
                "throughput": 0,
                "volume_id": "vol-0d520efe37d81acc9",
                "volume_size": 8,
                "volume_type": "gp2"
              }
            ],
            "secondary_private_ips": [],
            "security_groups": [
              "sg-04d87741996a83b51"
            ],
            "source_dest_check": true,
            "spot_instance_request_id": "",
            "subnet_id": "subnet-0150d1a5eb5524d19",
            "tags": {
              "Environment": "Dev",
              "HostType": "PostgreSQL",
              "Name": "PGHA-db-1",
              "Owner": "Charly El-Chinoo Batista",
              "PerconaCreatedBy": "charly.batista@percona.com",
              "Product": "Percona Distribution for PostgreSQL: High Availability with Patroni and Streaming Replication",
              "Team": "Tech Lead"
            },
            "tags_all": {
              "Environment": "Dev",
              "HostType": "PostgreSQL",
              "Name": "PGHA-db-1",
              "Owner": "Charly El-Chinoo Batista",
              "PerconaCreatedBy": "charly.batista@percona.com",
              "Product": "Percona Distribution for PostgreSQL: High Availability with Patroni and Streaming Replication",
              "Team": "Tech Lead"
            },
            "tenancy": "default",
            "timeouts": null,
            "user_data": null,
            "user_data_base64": null,
            "user_data_replace_on_change": false,
            "volume_tags": null,
            "vpc_security_group_ids": [
              "sg-04d87741996a83b51"
            ]
          },
          "sensitive_attributes": [],
          "private": "eyJlMmJmYjczMC1lY2FhLTExZTYtOGY4OC0zNDM2M2JjN2M0YzAiOnsiY3JlYXRlIjo2MDAwMDAwMDAwMDAsImRlbGV0ZSI6MTIwMDAwMDAwMDAwMCwidXBkYXRlIjo2MDAwMDAwMDAwMDB9LCJzY2hlbWFfdmVyc2lvbiI6IjEifQ==",
          "dependencies": [
            "aws_security_group.pg_ha-sg",
            "aws_subnet.pg_ha-priv_subnet",
            "aws_vpc.pg_ha-vpc"
          ]
        },
        {
          "index_key": 1,
          "schema_version": 1,
          "attributes": {
            "ami": "ami-03f65b8614a860c29",
            "arn": "arn:aws:ec2:us-west-2:379694287116:instance/i-0772fee08e133298d",
            "associate_public_ip_address": true,
            "availability_zone": "us-west-2c",
            "capacity_reservation_specification": [
              {
                "capacity_reservation_preference": "open",
                "capacity_reservation_target": []
              }
            ],
            "cpu_core_count": 1,
            "cpu_options": [
              {
                "amd_sev_snp": "",
                "core_count": 1,
                "threads_per_core": 1
              }
            ],
            "cpu_threads_per_core": 1,
            "credit_specification": [
              {
                "cpu_credits": "standard"
              }
            ],
            "disable_api_stop": false,
            "disable_api_termination": false,
            "ebs_block_device": [],
            "ebs_optimized": false,
            "enclave_options": [
              {
                "enabled": false
              }
            ],
            "ephemeral_block_device": [],
            "get_password_data": false,
            "hibernation": false,
            "host_id": "",
            "host_resource_group_arn": null,
            "iam_instance_profile": "",
            "id": "i-0772fee08e133298d",
            "instance_initiated_shutdown_behavior": "stop",
            "instance_lifecycle": "",
            "instance_market_options": [],
            "instance_state": "running",
            "instance_type": "t2.small",
            "ipv6_address_count": 0,
            "ipv6_addresses": [],
            "key_name": "PGHA_W2_SSH_Key_AUTO",
            "launch_template": [],
            "maintenance_options": [
              {
                "auto_recovery": "default"
              }
            ],
            "metadata_options": [
              {
                "http_endpoint": "enabled",
                "http_protocol_ipv6": "disabled",
                "http_put_response_hop_limit": 1,
                "http_tokens": "optional",
                "instance_metadata_tags": "disabled"
              }
            ],
            "monitoring": false,
            "network_interface": [],
            "outpost_arn": "",
            "password_data": "",
            "placement_group": "",
            "placement_partition_number": 0,
            "primary_network_interface_id": "eni-079dd492212c5c1f4",
            "private_dns": "ip-10-0-1-10.us-west-2.compute.internal",
            "private_dns_name_options": [
              {
                "enable_resource_name_dns_a_record": false,
                "enable_resource_name_dns_aaaa_record": false,
                "hostname_type": "ip-name"
              }
            ],
            "private_ip": "10.0.1.10",
            "public_dns": "ec2-34-221-198-231.us-west-2.compute.amazonaws.com",
            "public_ip": "34.221.198.231",
            "root_block_device": [
              {
                "delete_on_termination": true,
                "device_name": "/dev/sda1",
                "encrypted": false,
                "iops": 100,
                "kms_key_id": "",
                "tags": {},
                "throughput": 0,
                "volume_id": "vol-07f0cbb615c7b0a8b",
                "volume_size": 8,
                "volume_type": "gp2"
              }
            ],
            "secondary_private_ips": [],
            "security_groups": [
              "sg-04d87741996a83b51"
            ],
            "source_dest_check": true,
            "spot_instance_request_id": "",
            "subnet_id": "subnet-0150d1a5eb5524d19",
            "tags": {
              "Environment": "Dev",
              "HostType": "PostgreSQL",
              "Name": "PGHA-db-2",
              "Owner": "Charly El-Chinoo Batista",
              "PerconaCreatedBy": "charly.batista@percona.com",
              "Product": "Percona Distribution for PostgreSQL: High Availability with Patroni and Streaming Replication",
              "Team": "Tech Lead"
            },
            "tags_all": {
              "Environment": "Dev",
              "HostType": "PostgreSQL",
              "Name": "PGHA-db-2",
              "Owner": "Charly El-Chinoo Batista",
              "PerconaCreatedBy": "charly.batista@percona.com",
              "Product": "Percona Distribution for PostgreSQL: High Availability with Patroni and Streaming Replication",
              "Team": "Tech Lead"
            },
            "tenancy": "default",
            "timeouts": null,
            "user_data": null,
            "user_data_base64": null,
            "user_data_replace_on_change": false,
            "volume_tags": null,
            "vpc_security_group_ids": [
              "sg-04d87741996a83b51"
            ]
          },
          "sensitive_attributes": [],
          "private": "eyJlMmJmYjczMC1lY2FhLTExZTYtOGY4OC0zNDM2M2JjN2M0YzAiOnsiY3JlYXRlIjo2MDAwMDAwMDAwMDAsImRlbGV0ZSI6MTIwMDAwMDAwMDAwMCwidXBkYXRlIjo2MDAwMDAwMDAwMDB9LCJzY2hlbWFfdmVyc2lvbiI6IjEifQ==",
          "dependencies": [
            "aws_security_group.pg_ha-sg",
            "aws_subnet.pg_ha-priv_subnet",
            "aws_vpc.pg_ha-vpc"
          ]
        },
        {
          "index_key": 2,
          "schema_version": 1,
          "attributes": {
            "ami": "ami-03f65b8614a860c29",
            "arn": "arn:aws:ec2:us-west-2:379694287116:instance/i-00e1c337ac29118ba",
            "associate_public_ip_address": true,
            "availability_zone": "us-west-2c",
            "capacity_reservation_specification": [
              {
                "capacity_reservation_preference": "open",
                "capacity_reservation_target": []
              }
            ],
            "cpu_core_count": 1,
            "cpu_options": [
              {
                "amd_sev_snp": "",
                "core_count": 1,
                "threads_per_core": 1
              }
            ],
            "cpu_threads_per_core": 1,
            "credit_specification": [
              {
                "cpu_credits": "standard"
              }
            ],
            "disable_api_stop": false,
            "disable_api_termination": false,
            "ebs_block_device": [],
            "ebs_optimized": false,
            "enclave_options": [
              {
                "enabled": false
              }
            ],
            "ephemeral_block_device": [],
            "get_password_data": false,
            "hibernation": false,
            "host_id": "",
            "host_resource_group_arn": null,
            "iam_instance_profile": "",
            "id": "i-00e1c337ac29118ba",
            "instance_initiated_shutdown_behavior": "stop",
            "instance_lifecycle": "",
            "instance_market_options": [],
            "instance_state": "running",
            "instance_type": "t2.small",
            "ipv6_address_count": 0,
            "ipv6_addresses": [],
            "key_name": "PGHA_W2_SSH_Key_AUTO",
            "launch_template": [],
            "maintenance_options": [
              {
                "auto_recovery": "default"
              }
            ],
            "metadata_options": [
              {
                "http_endpoint": "enabled",
                "http_protocol_ipv6": "disabled",
                "http_put_response_hop_limit": 1,
                "http_tokens": "optional",
                "instance_metadata_tags": "disabled"
              }
            ],
            "monitoring": false,
            "network_interface": [],
            "outpost_arn": "",
            "password_data": "",
            "placement_group": "",
            "placement_partition_number": 0,
            "primary_network_interface_id": "eni-08506515a9c413adb",
            "private_dns": "ip-10-0-1-198.us-west-2.compute.internal",
            "private_dns_name_options": [
              {
                "enable_resource_name_dns_a_record": false,
                "enable_resource_name_dns_aaaa_record": false,
                "hostname_type": "ip-name"
              }
            ],
            "private_ip": "10.0.1.198",
            "public_dns": "ec2-35-163-121-202.us-west-2.compute.amazonaws.com",
            "public_ip": "35.163.121.202",
            "root_block_device": [
              {
                "delete_on_termination": true,
                "device_name": "/dev/sda1",
                "encrypted": false,
                "iops": 100,
                "kms_key_id": "",
                "tags": {},
                "throughput": 0,
                "volume_id": "vol-0012fe5e537de22b6",
                "volume_size": 8,
                "volume_type": "gp2"
              }
            ],
            "secondary_private_ips": [],
            "security_groups": [
              "sg-04d87741996a83b51"
            ],
            "source_dest_check": true,
            "spot_instance_request_id": "",
            "subnet_id": "subnet-0150d1a5eb5524d19",
            "tags": {
              "Environment": "Dev",
              "HostType": "PostgreSQL",
              "Name": "PGHA-db-3",
              "Owner": "Charly El-Chinoo Batista",
              "PerconaCreatedBy": "charly.batista@percona.com",
              "Product": "Percona Distribution for PostgreSQL: High Availability with Patroni and Streaming Replication",
              "Team": "Tech Lead"
            },
            "tags_all": {
              "Environment": "Dev",
              "HostType": "PostgreSQL",
              "Name": "PGHA-db-3",
              "Owner": "Charly El-Chinoo Batista",
              "PerconaCreatedBy": "charly.batista@percona.com",
              "Product": "Percona Distribution for PostgreSQL: High Availability with Patroni and Streaming Replication",
              "Team": "Tech Lead"
            },
            "tenancy": "default",
            "timeouts": null,
            "user_data": null,
            "user_data_base64": null,
            "user_data_replace_on_change": false,
            "volume_tags": null,
            "vpc_security_group_ids": [
              "sg-04d87741996a83b51"
            ]
          },
          "sensitive_attributes": [],
          "private": "eyJlMmJmYjczMC1lY2FhLTExZTYtOGY4OC0zNDM2M2JjN2M0YzAiOnsiY3JlYXRlIjo2MDAwMDAwMDAwMDAsImRlbGV0ZSI6MTIwMDAwMDAwMDAwMCwidXBkYXRlIjo2MDAwMDAwMDAwMDB9LCJzY2hlbWFfdmVyc2lvbiI6IjEifQ==",
          "dependencies": [
            "aws_security_group.pg_ha-sg",
            "aws_subnet.pg_ha-priv_subnet",
            "aws_vpc.pg_ha-vpc"
          ]
        }
      ]
    },
    {
      "mode": "managed",
      "type": "aws_internet_gateway",
      "name": "pg_ha-gw",
      "provider": "provider[\"registry.terraform.io/hashicorp/aws\"]",
      "instances": [
        {
          "schema_version": 0,
          "attributes": {
            "arn": "arn:aws:ec2:us-west-2:379694287116:internet-gateway/igw-0202eb1214dd518f6",
            "id": "igw-0202eb1214dd518f6",
            "owner_id": "379694287116",
            "tags": {
              "Environment": "Dev",
              "Name": "PGHA_gw",
              "Owner": "Charly El-Chinoo Batista",
              "PerconaCreatedBy": "charly.batista@percona.com",
              "Product": "Percona Distribution for PostgreSQL: High Availability with Patroni and Streaming Replication",
              "Team": "Tech Lead"
            },
            "tags_all": {
              "Environment": "Dev",
              "Name": "PGHA_gw",
              "Owner": "Charly El-Chinoo Batista",
              "PerconaCreatedBy": "charly.batista@percona.com",
              "Product": "Percona Distribution for PostgreSQL: High Availability with Patroni and Streaming Replication",
              "Team": "Tech Lead"
            },
            "timeouts": null,
            "vpc_id": "vpc-094f4fd46d4bec3f7"
          },
          "sensitive_attributes": [],
          "private": "eyJlMmJmYjczMC1lY2FhLTExZTYtOGY4OC0zNDM2M2JjN2M0YzAiOnsiY3JlYXRlIjoxMjAwMDAwMDAwMDAwLCJkZWxldGUiOjEyMDAwMDAwMDAwMDAsInVwZGF0ZSI6MTIwMDAwMDAwMDAwMH19",
          "dependencies": [
            "aws_vpc.pg_ha-vpc"
          ]
        }
      ]
    },
    {
      "mode": "managed",
      "type": "aws_key_pair",
      "name": "pg_ha-pkey",
      "provider": "provider[\"registry.terraform.io/hashicorp/aws\"]",
      "instances": [
        {
          "schema_version": 1,
          "attributes": {
            "arn": "arn:aws:ec2:us-west-2:379694287116:key-pair/PGHA_W2_SSH_Key_AUTO",
            "fingerprint": "WROBKOosrraL2jzJ5AREE0K9zhLDWGiIT895KySTD00=",
            "id": "PGHA_W2_SSH_Key_AUTO",
            "key_name": "PGHA_W2_SSH_Key_AUTO",
            "key_name_prefix": "",
            "key_pair_id": "key-0b5b5327417aade08",
            "key_type": "ed25519",
            "public_key": "ssh-ed25519 AAAAC3NzaC1lZDI1NTE5AAAAIPftS5GQY8++kJZNMCK5Uzjz/2KDZOqAruLx5xS/wrCz AWS SSH Key for test environment || Charly El-Chinoo Batista\u003ccharly.batista@percona.com\u003e ||",
            "tags": {
              "PerconaCreatedBy": "charly.batista@percona.com"
            },
            "tags_all": {
              "PerconaCreatedBy": "charly.batista@percona.com"
            }
          },
          "sensitive_attributes": [],
          "private": "eyJzY2hlbWFfdmVyc2lvbiI6IjEifQ=="
        }
      ]
    },
    {
      "mode": "managed",
      "type": "aws_route_table",
      "name": "pg_ha-router",
      "provider": "provider[\"registry.terraform.io/hashicorp/aws\"]",
      "instances": [
        {
          "schema_version": 0,
          "attributes": {
            "arn": "arn:aws:ec2:us-west-2:379694287116:route-table/rtb-0372702c6727546ee",
            "id": "rtb-0372702c6727546ee",
            "owner_id": "379694287116",
            "propagating_vgws": [],
            "route": [
              {
                "carrier_gateway_id": "",
                "cidr_block": "0.0.0.0/0",
                "core_network_arn": "",
                "destination_prefix_list_id": "",
                "egress_only_gateway_id": "",
                "gateway_id": "igw-0202eb1214dd518f6",
                "ipv6_cidr_block": "",
                "local_gateway_id": "",
                "nat_gateway_id": "",
                "network_interface_id": "",
                "transit_gateway_id": "",
                "vpc_endpoint_id": "",
                "vpc_peering_connection_id": ""
              }
            ],
            "tags": {
              "Environment": "Dev",
              "Name": "PGHA_router",
              "Owner": "Charly El-Chinoo Batista",
              "PerconaCreatedBy": "charly.batista@percona.com",
              "Product": "Percona Distribution for PostgreSQL: High Availability with Patroni and Streaming Replication",
              "Team": "Tech Lead"
            },
            "tags_all": {
              "Environment": "Dev",
              "Name": "PGHA_router",
              "Owner": "Charly El-Chinoo Batista",
              "PerconaCreatedBy": "charly.batista@percona.com",
              "Product": "Percona Distribution for PostgreSQL: High Availability with Patroni and Streaming Replication",
              "Team": "Tech Lead"
            },
            "timeouts": null,
            "vpc_id": "vpc-094f4fd46d4bec3f7"
          },
          "sensitive_attributes": [],
          "private": "eyJlMmJmYjczMC1lY2FhLTExZTYtOGY4OC0zNDM2M2JjN2M0YzAiOnsiY3JlYXRlIjozMDAwMDAwMDAwMDAsImRlbGV0ZSI6MzAwMDAwMDAwMDAwLCJ1cGRhdGUiOjEyMDAwMDAwMDAwMH19",
          "dependencies": [
            "aws_internet_gateway.pg_ha-gw",
            "aws_vpc.pg_ha-vpc"
          ]
        }
      ]
    },
    {
      "mode": "managed",
      "type": "aws_route_table_association",
      "name": "pg_ha-priv_subnet-router",
      "provider": "provider[\"registry.terraform.io/hashicorp/aws\"]",
      "instances": [
        {
          "schema_version": 0,
          "attributes": {
            "gateway_id": "",
            "id": "rtbassoc-0d6b1a37a63f2d98b",
            "route_table_id": "rtb-0372702c6727546ee",
            "subnet_id": "subnet-0150d1a5eb5524d19",
            "timeouts": null
          },
          "sensitive_attributes": [],
          "private": "eyJlMmJmYjczMC1lY2FhLTExZTYtOGY4OC0zNDM2M2JjN2M0YzAiOnsiY3JlYXRlIjozMDAwMDAwMDAwMDAsImRlbGV0ZSI6MzAwMDAwMDAwMDAwLCJ1cGRhdGUiOjEyMDAwMDAwMDAwMH19",
          "dependencies": [
            "aws_internet_gateway.pg_ha-gw",
            "aws_route_table.pg_ha-router",
            "aws_subnet.pg_ha-priv_subnet",
            "aws_vpc.pg_ha-vpc"
          ]
        }
      ]
    },
    {
      "mode": "managed",
      "type": "aws_security_group",
      "name": "pg_ha-sg",
      "provider": "provider[\"registry.terraform.io/hashicorp/aws\"]",
      "instances": [
        {
          "schema_version": 1,
          "attributes": {
            "arn": "arn:aws:ec2:us-west-2:379694287116:security-group/sg-04d87741996a83b51",
            "description": "Managed by Terraform",
            "egress": [
              {
                "cidr_blocks": [
                  "0.0.0.0/0"
                ],
                "description": "",
                "from_port": 0,
                "ipv6_cidr_blocks": [],
                "prefix_list_ids": [],
                "protocol": "-1",
                "security_groups": [],
                "self": false,
                "to_port": 0
              }
            ],
            "id": "sg-04d87741996a83b51",
            "ingress": [
              {
                "cidr_blocks": [
                  "0.0.0.0/0"
                ],
                "description": "",
                "from_port": 22,
                "ipv6_cidr_blocks": [],
                "prefix_list_ids": [],
                "protocol": "tcp",
                "security_groups": [],
                "self": false,
                "to_port": 22
              },
              {
                "cidr_blocks": [
                  "10.0.1.0/24"
                ],
                "description": "",
                "from_port": 0,
                "ipv6_cidr_blocks": [],
                "prefix_list_ids": [],
                "protocol": "-1",
                "security_groups": [],
                "self": false,
                "to_port": 0
              },
              {
                "cidr_blocks": [],
                "description": "",
                "from_port": 0,
                "ipv6_cidr_blocks": [],
                "prefix_list_ids": [],
                "protocol": "tcp",
                "security_groups": [],
                "self": true,
                "to_port": 0
              },
              {
                "cidr_blocks": [],
                "description": "",
                "from_port": 0,
                "ipv6_cidr_blocks": [],
                "prefix_list_ids": [],
                "protocol": "udp",
                "security_groups": [],
                "self": true,
                "to_port": 0
              }
            ],
            "name": "pg_ha-sg",
            "name_prefix": "",
            "owner_id": "379694287116",
            "revoke_rules_on_delete": false,
            "tags": {
              "Environment": "Dev",
              "Name": "PGHA_sg",
              "Owner": "Charly El-Chinoo Batista",
              "PerconaCreatedBy": "charly.batista@percona.com",
              "Product": "Percona Distribution for PostgreSQL: High Availability with Patroni and Streaming Replication",
              "Team": "Tech Lead"
            },
            "tags_all": {
              "Environment": "Dev",
              "Name": "PGHA_sg",
              "Owner": "Charly El-Chinoo Batista",
              "PerconaCreatedBy": "charly.batista@percona.com",
              "Product": "Percona Distribution for PostgreSQL: High Availability with Patroni and Streaming Replication",
              "Team": "Tech Lead"
            },
            "timeouts": null,
            "vpc_id": "vpc-094f4fd46d4bec3f7"
          },
          "sensitive_attributes": [],
          "private": "eyJlMmJmYjczMC1lY2FhLTExZTYtOGY4OC0zNDM2M2JjN2M0YzAiOnsiY3JlYXRlIjo2MDAwMDAwMDAwMDAsImRlbGV0ZSI6OTAwMDAwMDAwMDAwfSwic2NoZW1hX3ZlcnNpb24iOiIxIn0=",
          "dependencies": [
            "aws_subnet.pg_ha-priv_subnet",
            "aws_vpc.pg_ha-vpc"
          ]
        }
      ]
    },
    {
      "mode": "managed",
      "type": "aws_subnet",
      "name": "pg_ha-priv_subnet",
      "provider": "provider[\"registry.terraform.io/hashicorp/aws\"]",
      "instances": [
        {
          "schema_version": 1,
          "attributes": {
            "arn": "arn:aws:ec2:us-west-2:379694287116:subnet/subnet-0150d1a5eb5524d19",
            "assign_ipv6_address_on_creation": false,
            "availability_zone": "us-west-2c",
            "availability_zone_id": "usw2-az3",
            "cidr_block": "10.0.1.0/24",
            "customer_owned_ipv4_pool": "",
            "enable_dns64": false,
            "enable_lni_at_device_index": 0,
            "enable_resource_name_dns_a_record_on_launch": false,
            "enable_resource_name_dns_aaaa_record_on_launch": false,
            "id": "subnet-0150d1a5eb5524d19",
            "ipv6_cidr_block": "",
            "ipv6_cidr_block_association_id": "",
            "ipv6_native": false,
            "map_customer_owned_ip_on_launch": false,
            "map_public_ip_on_launch": true,
            "outpost_arn": "",
            "owner_id": "379694287116",
            "private_dns_hostname_type_on_launch": "ip-name",
            "tags": {
              "Environment": "Dev",
              "Name": "PGHA_psnet",
              "Owner": "Charly El-Chinoo Batista",
              "PerconaCreatedBy": "charly.batista@percona.com",
              "Product": "Percona Distribution for PostgreSQL: High Availability with Patroni and Streaming Replication",
              "Team": "Tech Lead"
            },
            "tags_all": {
              "Environment": "Dev",
              "Name": "PGHA_psnet",
              "Owner": "Charly El-Chinoo Batista",
              "PerconaCreatedBy": "charly.batista@percona.com",
              "Product": "Percona Distribution for PostgreSQL: High Availability with Patroni and Streaming Replication",
              "Team": "Tech Lead"
            },
            "timeouts": null,
            "vpc_id": "vpc-094f4fd46d4bec3f7"
          },
          "sensitive_attributes": [],
          "private": "eyJlMmJmYjczMC1lY2FhLTExZTYtOGY4OC0zNDM2M2JjN2M0YzAiOnsiY3JlYXRlIjo2MDAwMDAwMDAwMDAsImRlbGV0ZSI6MTIwMDAwMDAwMDAwMH0sInNjaGVtYV92ZXJzaW9uIjoiMSJ9",
          "dependencies": [
            "aws_vpc.pg_ha-vpc"
          ]
        }
      ]
    },
    {
      "mode": "managed",
      "type": "aws_vpc",
      "name": "pg_ha-vpc",
      "provider": "provider[\"registry.terraform.io/hashicorp/aws\"]",
      "instances": [
        {
          "schema_version": 1,
          "attributes": {
            "arn": "arn:aws:ec2:us-west-2:379694287116:vpc/vpc-094f4fd46d4bec3f7",
            "assign_generated_ipv6_cidr_block": false,
            "cidr_block": "10.0.0.0/16",
            "default_network_acl_id": "acl-0322ccbc92c7f000c",
            "default_route_table_id": "rtb-042963282b757efd5",
            "default_security_group_id": "sg-07391ede40f4254b9",
            "dhcp_options_id": "dopt-05cfbfc7eeec18770",
            "enable_dns_hostnames": true,
            "enable_dns_support": true,
            "enable_network_address_usage_metrics": false,
            "id": "vpc-094f4fd46d4bec3f7",
            "instance_tenancy": "default",
            "ipv4_ipam_pool_id": null,
            "ipv4_netmask_length": null,
            "ipv6_association_id": "",
            "ipv6_cidr_block": "",
            "ipv6_cidr_block_network_border_group": "",
            "ipv6_ipam_pool_id": "",
            "ipv6_netmask_length": 0,
            "main_route_table_id": "rtb-042963282b757efd5",
            "owner_id": "379694287116",
            "tags": {
              "Environment": "Dev",
              "Name": "PGHA_vpc",
              "Owner": "Charly El-Chinoo Batista",
              "PerconaCreatedBy": "charly.batista@percona.com",
              "Product": "Percona Distribution for PostgreSQL: High Availability with Patroni and Streaming Replication",
              "Team": "Tech Lead"
            },
            "tags_all": {
              "Environment": "Dev",
              "Name": "PGHA_vpc",
              "Owner": "Charly El-Chinoo Batista",
              "PerconaCreatedBy": "charly.batista@percona.com",
              "Product": "Percona Distribution for PostgreSQL: High Availability with Patroni and Streaming Replication",
              "Team": "Tech Lead"
            }
          },
          "sensitive_attributes": [],
          "private": "eyJzY2hlbWFfdmVyc2lvbiI6IjEifQ=="
        }
      ]
    },
    {
      "mode": "managed",
      "type": "local_file",
      "name": "ansible_inventory",
      "provider": "provider[\"registry.terraform.io/hashicorp/local\"]",
      "instances": [
        {
          "schema_version": 0,
          "attributes": {
            "content": "db_server:\n  hosts:\n    node-1:\n      ansible_host: 34.209.217.171\n      ansible_user: ubuntu\n    node-2:\n      ansible_host: 34.221.198.231\n      ansible_user: ubuntu\n    node-3:\n      ansible_host: 35.163.121.202\n      ansible_user: ubuntu\n\netcd_server:\n  hosts:\n    node-1:\n      ansible_host: 34.209.217.171\n      ansible_user: ubuntu\n    node-2:\n      ansible_host: 34.221.198.231\n      ansible_user: ubuntu\n    node-3:\n      ansible_host: 35.163.121.202\n      ansible_user: ubuntu\n",
            "content_base64": null,
            "content_base64sha256": "zZLb4MjSyqKxbfR74C3pqQGL3XwexBq6WtGKJMDQapA=",
            "content_base64sha512": "CQNR5v7Zbnx/C6iccnkzxeMVLlLiCoqa9yXsTZmCNNGV7LALCLRXF8n1y5rRFEvifwjr0JOEub5xD5z+wbhobw==",
            "content_md5": "3105be0b5d8cf317177380ead980f45f",
            "content_sha1": "8658daee88c50e0bc9d31d7290de6145bd157fd9",
            "content_sha256": "cd92dbe0c8d2caa2b16df47be02de9a9018bdd7c1ec41aba5ad18a24c0d06a90",
            "content_sha512": "090351e6fed96e7c7f0ba89c727933c5e3152e52e20a8a9af725ec4d998234d195ecb00b08b45717c9f5cb9ad1144be27f08ebd09384b9be710f9cfec1b8686f",
            "directory_permission": "0777",
            "file_permission": "0777",
            "filename": "./inventory/inventory.yaml",
            "id": "8658daee88c50e0bc9d31d7290de6145bd157fd9",
            "sensitive_content": null,
            "source": null
          },
          "sensitive_attributes": [],
          "dependencies": [
            "aws_instance.pg_ha_node",
            "aws_security_group.pg_ha-sg",
            "aws_subnet.pg_ha-priv_subnet",
            "aws_vpc.pg_ha-vpc"
          ]
        }
      ]
    },
    {
      "mode": "managed",
      "type": "local_file",
      "name": "inventory_db_nodes",
      "provider": "provider[\"registry.terraform.io/hashicorp/local\"]",
      "instances": [
        {
          "schema_version": 0,
          "attributes": {
            "content": "db_server:\n  hosts:\n    node-1:\n      ansible_host: 18.246.59.237\n      ansible_user: ubuntu\n    node-2:\n      ansible_host: 35.89.34.101\n      ansible_user: ubuntu\n    node-3:\n      ansible_host: 54.189.79.169\n      ansible_user: ubuntu\n",
            "content_base64": null,
            "content_base64sha256": "3LSywqVZIEaz702CUVflaOKtenJhIU5xWuBhiblrunI=",
            "content_base64sha512": "twE5Bqxj7kB55YbvfqNCCLvJL1DDlDTIBBUVwqXbPMMbUvsbBuEOjnrsIA569P6EN+38d3jYnY8XyCn7qp6GBQ==",
            "content_md5": "4a6a03f45007dbc066cf50d8838d49a0",
            "content_sha1": "102767b0fab3fc9be4de0f6ab170769e98e65c13",
            "content_sha256": "dcb4b2c2a5592046b3ef4d825157e568e2ad7a7261214e715ae06189b96bba72",
            "content_sha512": "b7013906ac63ee4079e586ef7ea34208bbc92f50c39434c8041515c2a5db3cc31b52fb1b06e10e8e7aec200e7af4fe8437edfc7778d89d8f17c829fbaa9e8605",
            "directory_permission": "0777",
            "file_permission": "0777",
            "filename": "./inventory/db_server.yaml",
            "id": "102767b0fab3fc9be4de0f6ab170769e98e65c13",
            "sensitive_content": null,
            "source": null
          },
          "sensitive_attributes": [],
          "dependencies": [
            "aws_instance.pg_ha_node",
            "aws_security_group.pg_ha-sg",
            "aws_subnet.pg_ha-priv_subnet",
            "aws_vpc.pg_ha-vpc"
          ]
        }
      ]
    }
  ],
  "check_results": null
}
