{
  "version": 4,
  "terraform_version": "1.6.0",
  "serial": 215,
  "lineage": "e7985d49-2c19-c7ff-2d39-c7567316d7ef",
  "outputs": {},
  "resources": [
    {
      "mode": "managed",
      "type": "aws_ebs_volume",
      "name": "pg_ha_node-vol",
      "provider": "provider[\"registry.terraform.io/hashicorp/aws\"]",
      "instances": [
        {
          "index_key": 0,
          "schema_version": 0,
          "attributes": {
            "arn": "arn:aws:ec2:us-west-2:379694287116:volume/vol-06a11532656896810",
            "availability_zone": "us-west-2c",
            "encrypted": false,
            "final_snapshot": false,
            "id": "vol-06a11532656896810",
            "iops": 192,
            "kms_key_id": "",
            "multi_attach_enabled": false,
            "outpost_arn": "",
            "size": 64,
            "snapshot_id": "",
            "tags": {
              "Environment": "Dev",
              "Name": "PGHA-db-1-vol",
              "Owner": "Charly El-Chinoo Batista",
              "PerconaCreatedBy": "charly.batista@percona.com",
              "Product": "Percona Distribution for PostgreSQL: High Availability with Patroni and Streaming Replication",
              "Team": "Tech Lead"
            },
            "tags_all": {
              "Environment": "Dev",
              "Name": "PGHA-db-1-vol",
              "Owner": "Charly El-Chinoo Batista",
              "PerconaCreatedBy": "charly.batista@percona.com",
              "Product": "Percona Distribution for PostgreSQL: High Availability with Patroni and Streaming Replication",
              "Team": "Tech Lead"
            },
            "throughput": 0,
            "timeouts": null,
            "type": "gp2"
          },
          "sensitive_attributes": [],
          "private": "eyJlMmJmYjczMC1lY2FhLTExZTYtOGY4OC0zNDM2M2JjN2M0YzAiOnsiY3JlYXRlIjozMDAwMDAwMDAwMDAsImRlbGV0ZSI6MzAwMDAwMDAwMDAwLCJ1cGRhdGUiOjMwMDAwMDAwMDAwMH19"
        },
        {
          "index_key": 1,
          "schema_version": 0,
          "attributes": {
            "arn": "arn:aws:ec2:us-west-2:379694287116:volume/vol-0ea694069036f40d4",
            "availability_zone": "us-west-2c",
            "encrypted": false,
            "final_snapshot": false,
            "id": "vol-0ea694069036f40d4",
            "iops": 192,
            "kms_key_id": "",
            "multi_attach_enabled": false,
            "outpost_arn": "",
            "size": 64,
            "snapshot_id": "",
            "tags": {
              "Environment": "Dev",
              "Name": "PGHA-db-2-vol",
              "Owner": "Charly El-Chinoo Batista",
              "PerconaCreatedBy": "charly.batista@percona.com",
              "Product": "Percona Distribution for PostgreSQL: High Availability with Patroni and Streaming Replication",
              "Team": "Tech Lead"
            },
            "tags_all": {
              "Environment": "Dev",
              "Name": "PGHA-db-2-vol",
              "Owner": "Charly El-Chinoo Batista",
              "PerconaCreatedBy": "charly.batista@percona.com",
              "Product": "Percona Distribution for PostgreSQL: High Availability with Patroni and Streaming Replication",
              "Team": "Tech Lead"
            },
            "throughput": 0,
            "timeouts": null,
            "type": "gp2"
          },
          "sensitive_attributes": [],
          "private": "eyJlMmJmYjczMC1lY2FhLTExZTYtOGY4OC0zNDM2M2JjN2M0YzAiOnsiY3JlYXRlIjozMDAwMDAwMDAwMDAsImRlbGV0ZSI6MzAwMDAwMDAwMDAwLCJ1cGRhdGUiOjMwMDAwMDAwMDAwMH19"
        },
        {
          "index_key": 2,
          "schema_version": 0,
          "attributes": {
            "arn": "arn:aws:ec2:us-west-2:379694287116:volume/vol-054259795ff5ee5ce",
            "availability_zone": "us-west-2c",
            "encrypted": false,
            "final_snapshot": false,
            "id": "vol-054259795ff5ee5ce",
            "iops": 192,
            "kms_key_id": "",
            "multi_attach_enabled": false,
            "outpost_arn": "",
            "size": 64,
            "snapshot_id": "",
            "tags": {
              "Environment": "Dev",
              "Name": "PGHA-db-3-vol",
              "Owner": "Charly El-Chinoo Batista",
              "PerconaCreatedBy": "charly.batista@percona.com",
              "Product": "Percona Distribution for PostgreSQL: High Availability with Patroni and Streaming Replication",
              "Team": "Tech Lead"
            },
            "tags_all": {
              "Environment": "Dev",
              "Name": "PGHA-db-3-vol",
              "Owner": "Charly El-Chinoo Batista",
              "PerconaCreatedBy": "charly.batista@percona.com",
              "Product": "Percona Distribution for PostgreSQL: High Availability with Patroni and Streaming Replication",
              "Team": "Tech Lead"
            },
            "throughput": 0,
            "timeouts": null,
            "type": "gp2"
          },
          "sensitive_attributes": [],
          "private": "eyJlMmJmYjczMC1lY2FhLTExZTYtOGY4OC0zNDM2M2JjN2M0YzAiOnsiY3JlYXRlIjozMDAwMDAwMDAwMDAsImRlbGV0ZSI6MzAwMDAwMDAwMDAwLCJ1cGRhdGUiOjMwMDAwMDAwMDAwMH19"
        }
      ]
    },
    {
      "mode": "managed",
      "type": "aws_instance",
      "name": "pg_ha_node",
      "provider": "provider[\"registry.terraform.io/hashicorp/aws\"]",
      "instances": [
        {
          "index_key": 0,
          "schema_version": 1,
          "attributes": {
            "ami": "ami-03f65b8614a860c29",
            "arn": "arn:aws:ec2:us-west-2:379694287116:instance/i-0b3dab3d07fdc1168",
            "associate_public_ip_address": true,
            "availability_zone": "us-west-2c",
            "capacity_reservation_specification": [
              {
                "capacity_reservation_preference": "open",
                "capacity_reservation_target": []
              }
            ],
            "cpu_core_count": 1,
            "cpu_options": [
              {
                "amd_sev_snp": "",
                "core_count": 1,
                "threads_per_core": 1
              }
            ],
            "cpu_threads_per_core": 1,
            "credit_specification": [
              {
                "cpu_credits": "standard"
              }
            ],
            "disable_api_stop": false,
            "disable_api_termination": false,
            "ebs_block_device": [],
            "ebs_optimized": false,
            "enclave_options": [
              {
                "enabled": false
              }
            ],
            "ephemeral_block_device": [],
            "get_password_data": false,
            "hibernation": false,
            "host_id": "",
            "host_resource_group_arn": null,
            "iam_instance_profile": "",
            "id": "i-0b3dab3d07fdc1168",
            "instance_initiated_shutdown_behavior": "stop",
            "instance_lifecycle": "",
            "instance_market_options": [],
            "instance_state": "running",
            "instance_type": "t2.small",
            "ipv6_address_count": 0,
            "ipv6_addresses": [],
            "key_name": "PGHA_W2_SSH_Key_AUTO",
            "launch_template": [],
            "maintenance_options": [
              {
                "auto_recovery": "default"
              }
            ],
            "metadata_options": [
              {
                "http_endpoint": "enabled",
                "http_protocol_ipv6": "disabled",
                "http_put_response_hop_limit": 1,
                "http_tokens": "optional",
                "instance_metadata_tags": "disabled"
              }
            ],
            "monitoring": false,
            "network_interface": [],
            "outpost_arn": "",
            "password_data": "",
            "placement_group": "",
            "placement_partition_number": 0,
            "primary_network_interface_id": "eni-0501d10a59f61aff2",
            "private_dns": "ip-10-0-1-146.us-west-2.compute.internal",
            "private_dns_name_options": [
              {
                "enable_resource_name_dns_a_record": false,
                "enable_resource_name_dns_aaaa_record": false,
                "hostname_type": "ip-name"
              }
            ],
            "private_ip": "10.0.1.146",
            "public_dns": "ec2-18-237-123-60.us-west-2.compute.amazonaws.com",
            "public_ip": "18.237.123.60",
            "root_block_device": [
              {
                "delete_on_termination": true,
                "device_name": "/dev/sda1",
                "encrypted": false,
                "iops": 100,
                "kms_key_id": "",
                "tags": {},
                "throughput": 0,
                "volume_id": "vol-0f26544f1e1ff677a",
                "volume_size": 8,
                "volume_type": "gp2"
              }
            ],
            "secondary_private_ips": [],
            "security_groups": [
              "sg-0dfc7174afd36a050"
            ],
            "source_dest_check": true,
            "spot_instance_request_id": "",
            "subnet_id": "subnet-0ba3e92069971db72",
            "tags": {
              "Environment": "Dev",
              "HostType": "PostgreSQL",
              "Name": "PGHA-db-1",
              "Owner": "Charly El-Chinoo Batista",
              "PerconaCreatedBy": "charly.batista@percona.com",
              "Product": "Percona Distribution for PostgreSQL: High Availability with Patroni and Streaming Replication",
              "Team": "Tech Lead"
            },
            "tags_all": {
              "Environment": "Dev",
              "HostType": "PostgreSQL",
              "Name": "PGHA-db-1",
              "Owner": "Charly El-Chinoo Batista",
              "PerconaCreatedBy": "charly.batista@percona.com",
              "Product": "Percona Distribution for PostgreSQL: High Availability with Patroni and Streaming Replication",
              "Team": "Tech Lead"
            },
            "tenancy": "default",
            "timeouts": null,
            "user_data": null,
            "user_data_base64": null,
            "user_data_replace_on_change": false,
            "volume_tags": null,
            "vpc_security_group_ids": [
              "sg-0dfc7174afd36a050"
            ]
          },
          "sensitive_attributes": [],
          "private": "eyJlMmJmYjczMC1lY2FhLTExZTYtOGY4OC0zNDM2M2JjN2M0YzAiOnsiY3JlYXRlIjo2MDAwMDAwMDAwMDAsImRlbGV0ZSI6MTIwMDAwMDAwMDAwMCwidXBkYXRlIjo2MDAwMDAwMDAwMDB9LCJzY2hlbWFfdmVyc2lvbiI6IjEifQ==",
          "dependencies": [
            "aws_security_group.pg_ha-sg",
            "aws_subnet.pg_ha-priv_subnet",
            "aws_vpc.pg_ha-vpc"
          ]
        },
        {
          "index_key": 1,
          "schema_version": 1,
          "attributes": {
            "ami": "ami-03f65b8614a860c29",
            "arn": "arn:aws:ec2:us-west-2:379694287116:instance/i-03764f07710be136e",
            "associate_public_ip_address": true,
            "availability_zone": "us-west-2c",
            "capacity_reservation_specification": [
              {
                "capacity_reservation_preference": "open",
                "capacity_reservation_target": []
              }
            ],
            "cpu_core_count": 1,
            "cpu_options": [
              {
                "amd_sev_snp": "",
                "core_count": 1,
                "threads_per_core": 1
              }
            ],
            "cpu_threads_per_core": 1,
            "credit_specification": [
              {
                "cpu_credits": "standard"
              }
            ],
            "disable_api_stop": false,
            "disable_api_termination": false,
            "ebs_block_device": [],
            "ebs_optimized": false,
            "enclave_options": [
              {
                "enabled": false
              }
            ],
            "ephemeral_block_device": [],
            "get_password_data": false,
            "hibernation": false,
            "host_id": "",
            "host_resource_group_arn": null,
            "iam_instance_profile": "",
            "id": "i-03764f07710be136e",
            "instance_initiated_shutdown_behavior": "stop",
            "instance_lifecycle": "",
            "instance_market_options": [],
            "instance_state": "running",
            "instance_type": "t2.small",
            "ipv6_address_count": 0,
            "ipv6_addresses": [],
            "key_name": "PGHA_W2_SSH_Key_AUTO",
            "launch_template": [],
            "maintenance_options": [
              {
                "auto_recovery": "default"
              }
            ],
            "metadata_options": [
              {
                "http_endpoint": "enabled",
                "http_protocol_ipv6": "disabled",
                "http_put_response_hop_limit": 1,
                "http_tokens": "optional",
                "instance_metadata_tags": "disabled"
              }
            ],
            "monitoring": false,
            "network_interface": [],
            "outpost_arn": "",
            "password_data": "",
            "placement_group": "",
            "placement_partition_number": 0,
            "primary_network_interface_id": "eni-016611feb3ff33380",
            "private_dns": "ip-10-0-1-199.us-west-2.compute.internal",
            "private_dns_name_options": [
              {
                "enable_resource_name_dns_a_record": false,
                "enable_resource_name_dns_aaaa_record": false,
                "hostname_type": "ip-name"
              }
            ],
            "private_ip": "10.0.1.199",
            "public_dns": "ec2-54-202-44-91.us-west-2.compute.amazonaws.com",
            "public_ip": "54.202.44.91",
            "root_block_device": [
              {
                "delete_on_termination": true,
                "device_name": "/dev/sda1",
                "encrypted": false,
                "iops": 100,
                "kms_key_id": "",
                "tags": {},
                "throughput": 0,
                "volume_id": "vol-0ee708c0b91b2484f",
                "volume_size": 8,
                "volume_type": "gp2"
              }
            ],
            "secondary_private_ips": [],
            "security_groups": [
              "sg-0dfc7174afd36a050"
            ],
            "source_dest_check": true,
            "spot_instance_request_id": "",
            "subnet_id": "subnet-0ba3e92069971db72",
            "tags": {
              "Environment": "Dev",
              "HostType": "PostgreSQL",
              "Name": "PGHA-db-2",
              "Owner": "Charly El-Chinoo Batista",
              "PerconaCreatedBy": "charly.batista@percona.com",
              "Product": "Percona Distribution for PostgreSQL: High Availability with Patroni and Streaming Replication",
              "Team": "Tech Lead"
            },
            "tags_all": {
              "Environment": "Dev",
              "HostType": "PostgreSQL",
              "Name": "PGHA-db-2",
              "Owner": "Charly El-Chinoo Batista",
              "PerconaCreatedBy": "charly.batista@percona.com",
              "Product": "Percona Distribution for PostgreSQL: High Availability with Patroni and Streaming Replication",
              "Team": "Tech Lead"
            },
            "tenancy": "default",
            "timeouts": null,
            "user_data": null,
            "user_data_base64": null,
            "user_data_replace_on_change": false,
            "volume_tags": null,
            "vpc_security_group_ids": [
              "sg-0dfc7174afd36a050"
            ]
          },
          "sensitive_attributes": [],
          "private": "eyJlMmJmYjczMC1lY2FhLTExZTYtOGY4OC0zNDM2M2JjN2M0YzAiOnsiY3JlYXRlIjo2MDAwMDAwMDAwMDAsImRlbGV0ZSI6MTIwMDAwMDAwMDAwMCwidXBkYXRlIjo2MDAwMDAwMDAwMDB9LCJzY2hlbWFfdmVyc2lvbiI6IjEifQ==",
          "dependencies": [
            "aws_security_group.pg_ha-sg",
            "aws_subnet.pg_ha-priv_subnet",
            "aws_vpc.pg_ha-vpc"
          ]
        },
        {
          "index_key": 2,
          "schema_version": 1,
          "attributes": {
            "ami": "ami-03f65b8614a860c29",
            "arn": "arn:aws:ec2:us-west-2:379694287116:instance/i-0f12954d94e1fa0df",
            "associate_public_ip_address": true,
            "availability_zone": "us-west-2c",
            "capacity_reservation_specification": [
              {
                "capacity_reservation_preference": "open",
                "capacity_reservation_target": []
              }
            ],
            "cpu_core_count": 1,
            "cpu_options": [
              {
                "amd_sev_snp": "",
                "core_count": 1,
                "threads_per_core": 1
              }
            ],
            "cpu_threads_per_core": 1,
            "credit_specification": [
              {
                "cpu_credits": "standard"
              }
            ],
            "disable_api_stop": false,
            "disable_api_termination": false,
            "ebs_block_device": [],
            "ebs_optimized": false,
            "enclave_options": [
              {
                "enabled": false
              }
            ],
            "ephemeral_block_device": [],
            "get_password_data": false,
            "hibernation": false,
            "host_id": "",
            "host_resource_group_arn": null,
            "iam_instance_profile": "",
            "id": "i-0f12954d94e1fa0df",
            "instance_initiated_shutdown_behavior": "stop",
            "instance_lifecycle": "",
            "instance_market_options": [],
            "instance_state": "running",
            "instance_type": "t2.small",
            "ipv6_address_count": 0,
            "ipv6_addresses": [],
            "key_name": "PGHA_W2_SSH_Key_AUTO",
            "launch_template": [],
            "maintenance_options": [
              {
                "auto_recovery": "default"
              }
            ],
            "metadata_options": [
              {
                "http_endpoint": "enabled",
                "http_protocol_ipv6": "disabled",
                "http_put_response_hop_limit": 1,
                "http_tokens": "optional",
                "instance_metadata_tags": "disabled"
              }
            ],
            "monitoring": false,
            "network_interface": [],
            "outpost_arn": "",
            "password_data": "",
            "placement_group": "",
            "placement_partition_number": 0,
            "primary_network_interface_id": "eni-0501701c1264c515f",
            "private_dns": "ip-10-0-1-98.us-west-2.compute.internal",
            "private_dns_name_options": [
              {
                "enable_resource_name_dns_a_record": false,
                "enable_resource_name_dns_aaaa_record": false,
                "hostname_type": "ip-name"
              }
            ],
            "private_ip": "10.0.1.98",
            "public_dns": "ec2-18-237-55-32.us-west-2.compute.amazonaws.com",
            "public_ip": "18.237.55.32",
            "root_block_device": [
              {
                "delete_on_termination": true,
                "device_name": "/dev/sda1",
                "encrypted": false,
                "iops": 100,
                "kms_key_id": "",
                "tags": {},
                "throughput": 0,
                "volume_id": "vol-0780b316d55e6d76b",
                "volume_size": 8,
                "volume_type": "gp2"
              }
            ],
            "secondary_private_ips": [],
            "security_groups": [
              "sg-0dfc7174afd36a050"
            ],
            "source_dest_check": true,
            "spot_instance_request_id": "",
            "subnet_id": "subnet-0ba3e92069971db72",
            "tags": {
              "Environment": "Dev",
              "HostType": "PostgreSQL",
              "Name": "PGHA-db-3",
              "Owner": "Charly El-Chinoo Batista",
              "PerconaCreatedBy": "charly.batista@percona.com",
              "Product": "Percona Distribution for PostgreSQL: High Availability with Patroni and Streaming Replication",
              "Team": "Tech Lead"
            },
            "tags_all": {
              "Environment": "Dev",
              "HostType": "PostgreSQL",
              "Name": "PGHA-db-3",
              "Owner": "Charly El-Chinoo Batista",
              "PerconaCreatedBy": "charly.batista@percona.com",
              "Product": "Percona Distribution for PostgreSQL: High Availability with Patroni and Streaming Replication",
              "Team": "Tech Lead"
            },
            "tenancy": "default",
            "timeouts": null,
            "user_data": null,
            "user_data_base64": null,
            "user_data_replace_on_change": false,
            "volume_tags": null,
            "vpc_security_group_ids": [
              "sg-0dfc7174afd36a050"
            ]
          },
          "sensitive_attributes": [],
          "private": "eyJlMmJmYjczMC1lY2FhLTExZTYtOGY4OC0zNDM2M2JjN2M0YzAiOnsiY3JlYXRlIjo2MDAwMDAwMDAwMDAsImRlbGV0ZSI6MTIwMDAwMDAwMDAwMCwidXBkYXRlIjo2MDAwMDAwMDAwMDB9LCJzY2hlbWFfdmVyc2lvbiI6IjEifQ==",
          "dependencies": [
            "aws_security_group.pg_ha-sg",
            "aws_subnet.pg_ha-priv_subnet",
            "aws_vpc.pg_ha-vpc"
          ]
        }
      ]
    },
    {
      "mode": "managed",
      "type": "aws_internet_gateway",
      "name": "pg_ha-gw",
      "provider": "provider[\"registry.terraform.io/hashicorp/aws\"]",
      "instances": [
        {
          "schema_version": 0,
          "attributes": {
            "arn": "arn:aws:ec2:us-west-2:379694287116:internet-gateway/igw-0ad8262571fa6f4ca",
            "id": "igw-0ad8262571fa6f4ca",
            "owner_id": "379694287116",
            "tags": {
              "Environment": "Dev",
              "Name": "PGHA_gw",
              "Owner": "Charly El-Chinoo Batista",
              "PerconaCreatedBy": "charly.batista@percona.com",
              "Product": "Percona Distribution for PostgreSQL: High Availability with Patroni and Streaming Replication",
              "Team": "Tech Lead"
            },
            "tags_all": {
              "Environment": "Dev",
              "Name": "PGHA_gw",
              "Owner": "Charly El-Chinoo Batista",
              "PerconaCreatedBy": "charly.batista@percona.com",
              "Product": "Percona Distribution for PostgreSQL: High Availability with Patroni and Streaming Replication",
              "Team": "Tech Lead"
            },
            "timeouts": null,
            "vpc_id": "vpc-01ea74491271bef56"
          },
          "sensitive_attributes": [],
          "private": "eyJlMmJmYjczMC1lY2FhLTExZTYtOGY4OC0zNDM2M2JjN2M0YzAiOnsiY3JlYXRlIjoxMjAwMDAwMDAwMDAwLCJkZWxldGUiOjEyMDAwMDAwMDAwMDAsInVwZGF0ZSI6MTIwMDAwMDAwMDAwMH19",
          "dependencies": [
            "aws_vpc.pg_ha-vpc"
          ]
        }
      ]
    },
    {
      "mode": "managed",
      "type": "aws_key_pair",
      "name": "pg_ha-pkey",
      "provider": "provider[\"registry.terraform.io/hashicorp/aws\"]",
      "instances": [
        {
          "schema_version": 1,
          "attributes": {
            "arn": "arn:aws:ec2:us-west-2:379694287116:key-pair/PGHA_W2_SSH_Key_AUTO",
            "fingerprint": "WROBKOosrraL2jzJ5AREE0K9zhLDWGiIT895KySTD00=",
            "id": "PGHA_W2_SSH_Key_AUTO",
            "key_name": "PGHA_W2_SSH_Key_AUTO",
            "key_name_prefix": "",
            "key_pair_id": "key-0e0abd9d630d67434",
            "key_type": "ed25519",
            "public_key": "ssh-ed25519 AAAAC3NzaC1lZDI1NTE5AAAAIPftS5GQY8++kJZNMCK5Uzjz/2KDZOqAruLx5xS/wrCz",
            "tags": {
              "PerconaCreatedBy": "charly.batista@percona.com"
            },
            "tags_all": {
              "PerconaCreatedBy": "charly.batista@percona.com"
            }
          },
          "sensitive_attributes": [],
          "private": "eyJzY2hlbWFfdmVyc2lvbiI6IjEifQ=="
        }
      ]
    },
    {
      "mode": "managed",
      "type": "aws_route_table",
      "name": "pg_ha-router",
      "provider": "provider[\"registry.terraform.io/hashicorp/aws\"]",
      "instances": [
        {
          "schema_version": 0,
          "attributes": {
            "arn": "arn:aws:ec2:us-west-2:379694287116:route-table/rtb-07c29ede6c4cad12c",
            "id": "rtb-07c29ede6c4cad12c",
            "owner_id": "379694287116",
            "propagating_vgws": [],
            "route": [
              {
                "carrier_gateway_id": "",
                "cidr_block": "0.0.0.0/0",
                "core_network_arn": "",
                "destination_prefix_list_id": "",
                "egress_only_gateway_id": "",
                "gateway_id": "igw-0ad8262571fa6f4ca",
                "ipv6_cidr_block": "",
                "local_gateway_id": "",
                "nat_gateway_id": "",
                "network_interface_id": "",
                "transit_gateway_id": "",
                "vpc_endpoint_id": "",
                "vpc_peering_connection_id": ""
              }
            ],
            "tags": {
              "Environment": "Dev",
              "Name": "PGHA_router",
              "Owner": "Charly El-Chinoo Batista",
              "PerconaCreatedBy": "charly.batista@percona.com",
              "Product": "Percona Distribution for PostgreSQL: High Availability with Patroni and Streaming Replication",
              "Team": "Tech Lead"
            },
            "tags_all": {
              "Environment": "Dev",
              "Name": "PGHA_router",
              "Owner": "Charly El-Chinoo Batista",
              "PerconaCreatedBy": "charly.batista@percona.com",
              "Product": "Percona Distribution for PostgreSQL: High Availability with Patroni and Streaming Replication",
              "Team": "Tech Lead"
            },
            "timeouts": null,
            "vpc_id": "vpc-01ea74491271bef56"
          },
          "sensitive_attributes": [],
          "private": "eyJlMmJmYjczMC1lY2FhLTExZTYtOGY4OC0zNDM2M2JjN2M0YzAiOnsiY3JlYXRlIjozMDAwMDAwMDAwMDAsImRlbGV0ZSI6MzAwMDAwMDAwMDAwLCJ1cGRhdGUiOjEyMDAwMDAwMDAwMH19",
          "dependencies": [
            "aws_internet_gateway.pg_ha-gw",
            "aws_vpc.pg_ha-vpc"
          ]
        }
      ]
    },
    {
      "mode": "managed",
      "type": "aws_route_table_association",
      "name": "pg_ha-priv_subnet-router",
      "provider": "provider[\"registry.terraform.io/hashicorp/aws\"]",
      "instances": [
        {
          "schema_version": 0,
          "attributes": {
            "gateway_id": "",
            "id": "rtbassoc-09d80a9146a11ce91",
            "route_table_id": "rtb-07c29ede6c4cad12c",
            "subnet_id": "subnet-0ba3e92069971db72",
            "timeouts": null
          },
          "sensitive_attributes": [],
          "private": "eyJlMmJmYjczMC1lY2FhLTExZTYtOGY4OC0zNDM2M2JjN2M0YzAiOnsiY3JlYXRlIjozMDAwMDAwMDAwMDAsImRlbGV0ZSI6MzAwMDAwMDAwMDAwLCJ1cGRhdGUiOjEyMDAwMDAwMDAwMH19",
          "dependencies": [
            "aws_internet_gateway.pg_ha-gw",
            "aws_route_table.pg_ha-router",
            "aws_subnet.pg_ha-priv_subnet",
            "aws_vpc.pg_ha-vpc"
          ]
        }
      ]
    },
    {
      "mode": "managed",
      "type": "aws_security_group",
      "name": "pg_ha-sg",
      "provider": "provider[\"registry.terraform.io/hashicorp/aws\"]",
      "instances": [
        {
          "schema_version": 1,
          "attributes": {
            "arn": "arn:aws:ec2:us-west-2:379694287116:security-group/sg-0dfc7174afd36a050",
            "description": "Managed by Terraform",
            "egress": [
              {
                "cidr_blocks": [
                  "0.0.0.0/0"
                ],
                "description": "",
                "from_port": 0,
                "ipv6_cidr_blocks": [],
                "prefix_list_ids": [],
                "protocol": "-1",
                "security_groups": [],
                "self": false,
                "to_port": 0
              }
            ],
            "id": "sg-0dfc7174afd36a050",
            "ingress": [
              {
                "cidr_blocks": [
                  "0.0.0.0/0"
                ],
                "description": "",
                "from_port": 22,
                "ipv6_cidr_blocks": [],
                "prefix_list_ids": [],
                "protocol": "tcp",
                "security_groups": [],
                "self": false,
                "to_port": 22
              },
              {
                "cidr_blocks": [
                  "10.0.1.0/24"
                ],
                "description": "",
                "from_port": 0,
                "ipv6_cidr_blocks": [],
                "prefix_list_ids": [],
                "protocol": "-1",
                "security_groups": [],
                "self": false,
                "to_port": 0
              },
              {
                "cidr_blocks": [],
                "description": "",
                "from_port": 0,
                "ipv6_cidr_blocks": [],
                "prefix_list_ids": [],
                "protocol": "tcp",
                "security_groups": [],
                "self": true,
                "to_port": 0
              },
              {
                "cidr_blocks": [],
                "description": "",
                "from_port": 0,
                "ipv6_cidr_blocks": [],
                "prefix_list_ids": [],
                "protocol": "udp",
                "security_groups": [],
                "self": true,
                "to_port": 0
              }
            ],
            "name": "pg_ha-sg",
            "name_prefix": "",
            "owner_id": "379694287116",
            "revoke_rules_on_delete": false,
            "tags": {
              "Environment": "Dev",
              "Name": "PGHA_sg",
              "Owner": "Charly El-Chinoo Batista",
              "PerconaCreatedBy": "charly.batista@percona.com",
              "Product": "Percona Distribution for PostgreSQL: High Availability with Patroni and Streaming Replication",
              "Team": "Tech Lead"
            },
            "tags_all": {
              "Environment": "Dev",
              "Name": "PGHA_sg",
              "Owner": "Charly El-Chinoo Batista",
              "PerconaCreatedBy": "charly.batista@percona.com",
              "Product": "Percona Distribution for PostgreSQL: High Availability with Patroni and Streaming Replication",
              "Team": "Tech Lead"
            },
            "timeouts": null,
            "vpc_id": "vpc-01ea74491271bef56"
          },
          "sensitive_attributes": [],
          "private": "eyJlMmJmYjczMC1lY2FhLTExZTYtOGY4OC0zNDM2M2JjN2M0YzAiOnsiY3JlYXRlIjo2MDAwMDAwMDAwMDAsImRlbGV0ZSI6OTAwMDAwMDAwMDAwfSwic2NoZW1hX3ZlcnNpb24iOiIxIn0=",
          "dependencies": [
            "aws_subnet.pg_ha-priv_subnet",
            "aws_vpc.pg_ha-vpc"
          ]
        }
      ]
    },
    {
      "mode": "managed",
      "type": "aws_subnet",
      "name": "pg_ha-priv_subnet",
      "provider": "provider[\"registry.terraform.io/hashicorp/aws\"]",
      "instances": [
        {
          "schema_version": 1,
          "attributes": {
            "arn": "arn:aws:ec2:us-west-2:379694287116:subnet/subnet-0ba3e92069971db72",
            "assign_ipv6_address_on_creation": false,
            "availability_zone": "us-west-2c",
            "availability_zone_id": "usw2-az3",
            "cidr_block": "10.0.1.0/24",
            "customer_owned_ipv4_pool": "",
            "enable_dns64": false,
            "enable_lni_at_device_index": 0,
            "enable_resource_name_dns_a_record_on_launch": false,
            "enable_resource_name_dns_aaaa_record_on_launch": false,
            "id": "subnet-0ba3e92069971db72",
            "ipv6_cidr_block": "",
            "ipv6_cidr_block_association_id": "",
            "ipv6_native": false,
            "map_customer_owned_ip_on_launch": false,
            "map_public_ip_on_launch": true,
            "outpost_arn": "",
            "owner_id": "379694287116",
            "private_dns_hostname_type_on_launch": "ip-name",
            "tags": {
              "Environment": "Dev",
              "Name": "PGHA_psnet",
              "Owner": "Charly El-Chinoo Batista",
              "PerconaCreatedBy": "charly.batista@percona.com",
              "Product": "Percona Distribution for PostgreSQL: High Availability with Patroni and Streaming Replication",
              "Team": "Tech Lead"
            },
            "tags_all": {
              "Environment": "Dev",
              "Name": "PGHA_psnet",
              "Owner": "Charly El-Chinoo Batista",
              "PerconaCreatedBy": "charly.batista@percona.com",
              "Product": "Percona Distribution for PostgreSQL: High Availability with Patroni and Streaming Replication",
              "Team": "Tech Lead"
            },
            "timeouts": null,
            "vpc_id": "vpc-01ea74491271bef56"
          },
          "sensitive_attributes": [],
          "private": "eyJlMmJmYjczMC1lY2FhLTExZTYtOGY4OC0zNDM2M2JjN2M0YzAiOnsiY3JlYXRlIjo2MDAwMDAwMDAwMDAsImRlbGV0ZSI6MTIwMDAwMDAwMDAwMH0sInNjaGVtYV92ZXJzaW9uIjoiMSJ9",
          "dependencies": [
            "aws_vpc.pg_ha-vpc"
          ]
        }
      ]
    },
    {
      "mode": "managed",
      "type": "aws_volume_attachment",
      "name": "pg_ha_node-att",
      "provider": "provider[\"registry.terraform.io/hashicorp/aws\"]",
      "instances": [
        {
          "index_key": 0,
          "schema_version": 0,
          "attributes": {
            "device_name": "/dev/sdf",
            "force_detach": null,
            "id": "vai-2750086427",
            "instance_id": "i-0b3dab3d07fdc1168",
            "skip_destroy": null,
            "stop_instance_before_detaching": null,
            "timeouts": null,
            "volume_id": "vol-06a11532656896810"
          },
          "sensitive_attributes": [],
          "private": "eyJlMmJmYjczMC1lY2FhLTExZTYtOGY4OC0zNDM2M2JjN2M0YzAiOnsiY3JlYXRlIjozMDAwMDAwMDAwMDAsImRlbGV0ZSI6MzAwMDAwMDAwMDAwfX0=",
          "dependencies": [
            "aws_ebs_volume.pg_ha_node-vol",
            "aws_instance.pg_ha_node",
            "aws_security_group.pg_ha-sg",
            "aws_subnet.pg_ha-priv_subnet",
            "aws_vpc.pg_ha-vpc"
          ]
        },
        {
          "index_key": 1,
          "schema_version": 0,
          "attributes": {
            "device_name": "/dev/sdf",
            "force_detach": null,
            "id": "vai-2957908312",
            "instance_id": "i-03764f07710be136e",
            "skip_destroy": null,
            "stop_instance_before_detaching": null,
            "timeouts": null,
            "volume_id": "vol-0ea694069036f40d4"
          },
          "sensitive_attributes": [],
          "private": "eyJlMmJmYjczMC1lY2FhLTExZTYtOGY4OC0zNDM2M2JjN2M0YzAiOnsiY3JlYXRlIjozMDAwMDAwMDAwMDAsImRlbGV0ZSI6MzAwMDAwMDAwMDAwfX0=",
          "dependencies": [
            "aws_ebs_volume.pg_ha_node-vol",
            "aws_instance.pg_ha_node",
            "aws_security_group.pg_ha-sg",
            "aws_subnet.pg_ha-priv_subnet",
            "aws_vpc.pg_ha-vpc"
          ]
        },
        {
          "index_key": 2,
          "schema_version": 0,
          "attributes": {
            "device_name": "/dev/sdf",
            "force_detach": null,
            "id": "vai-3196671723",
            "instance_id": "i-0f12954d94e1fa0df",
            "skip_destroy": null,
            "stop_instance_before_detaching": null,
            "timeouts": null,
            "volume_id": "vol-054259795ff5ee5ce"
          },
          "sensitive_attributes": [],
          "private": "eyJlMmJmYjczMC1lY2FhLTExZTYtOGY4OC0zNDM2M2JjN2M0YzAiOnsiY3JlYXRlIjozMDAwMDAwMDAwMDAsImRlbGV0ZSI6MzAwMDAwMDAwMDAwfX0=",
          "dependencies": [
            "aws_ebs_volume.pg_ha_node-vol",
            "aws_instance.pg_ha_node",
            "aws_security_group.pg_ha-sg",
            "aws_subnet.pg_ha-priv_subnet",
            "aws_vpc.pg_ha-vpc"
          ]
        }
      ]
    },
    {
      "mode": "managed",
      "type": "aws_vpc",
      "name": "pg_ha-vpc",
      "provider": "provider[\"registry.terraform.io/hashicorp/aws\"]",
      "instances": [
        {
          "schema_version": 1,
          "attributes": {
            "arn": "arn:aws:ec2:us-west-2:379694287116:vpc/vpc-01ea74491271bef56",
            "assign_generated_ipv6_cidr_block": false,
            "cidr_block": "10.0.0.0/16",
            "default_network_acl_id": "acl-0862e871c4a30e793",
            "default_route_table_id": "rtb-0e86c0cfdc08decbd",
            "default_security_group_id": "sg-0e7855cf1486c5f3a",
            "dhcp_options_id": "dopt-05cfbfc7eeec18770",
            "enable_dns_hostnames": true,
            "enable_dns_support": true,
            "enable_network_address_usage_metrics": false,
            "id": "vpc-01ea74491271bef56",
            "instance_tenancy": "default",
            "ipv4_ipam_pool_id": null,
            "ipv4_netmask_length": null,
            "ipv6_association_id": "",
            "ipv6_cidr_block": "",
            "ipv6_cidr_block_network_border_group": "",
            "ipv6_ipam_pool_id": "",
            "ipv6_netmask_length": 0,
            "main_route_table_id": "rtb-0e86c0cfdc08decbd",
            "owner_id": "379694287116",
            "tags": {
              "Environment": "Dev",
              "Name": "PGHA_vpc",
              "Owner": "Charly El-Chinoo Batista",
              "PerconaCreatedBy": "charly.batista@percona.com",
              "Product": "Percona Distribution for PostgreSQL: High Availability with Patroni and Streaming Replication",
              "Team": "Tech Lead"
            },
            "tags_all": {
              "Environment": "Dev",
              "Name": "PGHA_vpc",
              "Owner": "Charly El-Chinoo Batista",
              "PerconaCreatedBy": "charly.batista@percona.com",
              "Product": "Percona Distribution for PostgreSQL: High Availability with Patroni and Streaming Replication",
              "Team": "Tech Lead"
            }
          },
          "sensitive_attributes": [],
          "private": "eyJzY2hlbWFfdmVyc2lvbiI6IjEifQ=="
        }
      ]
    },
    {
      "mode": "managed",
      "type": "local_file",
      "name": "ansible_inventory",
      "provider": "provider[\"registry.terraform.io/hashicorp/local\"]",
      "instances": [
        {
          "schema_version": 0,
          "attributes": {
            "content": "db_server:\n  hosts:\n    node-1:\n      ansible_host: 18.237.123.60\n      ansible_user: ubuntu\n    node-2:\n      ansible_host: 54.202.44.91\n      ansible_user: ubuntu\n    node-3:\n      ansible_host: 18.237.55.32\n      ansible_user: ubuntu\n\netcd_server:\n  hosts:\n    node-1:\n      ansible_host: 18.237.123.60\n      ansible_user: ubuntu\n    node-2:\n      ansible_host: 54.202.44.91\n      ansible_user: ubuntu\n    node-3:\n      ansible_host: 18.237.55.32\n      ansible_user: ubuntu\n",
            "content_base64": null,
            "content_base64sha256": "2f8Nu3YBHZECRl9y2RqEyUAYREpkRKSAvw+uMr0xv84=",
            "content_base64sha512": "ucDEhK/IGWo7J0FgMkEUns4uVIo0uJS3izTz1lu/w5OmId5TDn70eCbR80++vQlXE0Fdbhf7D0Xm/Ly41qlfIA==",
            "content_md5": "49df32f8b7082c709f41f77e0a11e348",
            "content_sha1": "0c825af9598d05ad45962af4d551abbe4029753b",
            "content_sha256": "d9ff0dbb76011d9102465f72d91a84c94018444a6444a480bf0fae32bd31bfce",
            "content_sha512": "b9c0c484afc8196a3b2741603241149ece2e548a34b894b78b34f3d65bbfc393a621de530e7ef47826d1f34fbebd095713415d6e17fb0f45e6fcbcb8d6a95f20",
            "directory_permission": "0777",
            "file_permission": "0777",
            "filename": "./inventory/inventory.yaml",
            "id": "0c825af9598d05ad45962af4d551abbe4029753b",
            "sensitive_content": null,
            "source": null
          },
          "sensitive_attributes": [],
          "dependencies": [
            "aws_instance.pg_ha_node",
            "aws_security_group.pg_ha-sg",
            "aws_subnet.pg_ha-priv_subnet",
            "aws_vpc.pg_ha-vpc"
          ]
        }
      ]
    }
  ],
  "check_results": null
}
